
Microsoft Visual Studio Solution File, Format Version 12.00
# Visual Studio 15
VisualStudioVersion = 15.0.26403.7
MinimumVisualStudioVersion = 10.0.40219.1
Project("{FAE04EC0-301F-11D3-BF4B-00C04F79EFBC}") = "ClasseAbstraite", "ClasseAbstraite\ClasseAbstraite.csproj", "{495E8D5A-6E7A-4691-808C-566B89809DED}"
EndProject
Project("{FAE04EC0-301F-11D3-BF4B-00C04F79EFBC}") = "ClasseAbstraiteTest2", "ClasseAbstraiteTest2\ClasseAbstraiteTest2.csproj", "{AEE8C198-D536-4A59-8ECD-A23FD0691F06}"
EndProject
Project("{FAE04EC0-301F-11D3-BF4B-00C04F79EFBC}") = "AbstractFactory", "AbstractFactory\AbstractFactory.csproj", "{92DF52A4-FFCC-422A-A11B-0C02376482E0}"
EndProject
Project("{FAE04EC0-301F-11D3-BF4B-00C04F79EFBC}") = "AbstractFactoryCarteMere", "AbstractFactoryCarteMere\AbstractFactoryCarteMere.csproj", "{D417E46F-7B91-46E2-8965-179107563E58}"
EndProject
Project("{FAE04EC0-301F-11D3-BF4B-00C04F79EFBC}") = "LINQExo1", "LINQExo1\LINQExo1.csproj", "{E8C05D0C-3F58-4E7D-A413-198999BF62BF}"
EndProject
Global
	GlobalSection(SolutionConfigurationPlatforms) = preSolution
		Debug|Any CPU = Debug|Any CPU
		Release|Any CPU = Release|Any CPU
	EndGlobalSection
	GlobalSection(ProjectConfigurationPlatforms) = postSolution
		{495E8D5A-6E7A-4691-808C-566B89809DED}.Debug|Any CPU.ActiveCfg = Debug|Any CPU
		{495E8D5A-6E7A-4691-808C-566B89809DED}.Debug|Any CPU.Build.0 = Debug|Any CPU
		{495E8D5A-6E7A-4691-808C-566B89809DED}.Release|Any CPU.ActiveCfg = Release|Any CPU
		{495E8D5A-6E7A-4691-808C-566B89809DED}.Release|Any CPU.Build.0 = Release|Any CPU
		{AEE8C198-D536-4A59-8ECD-A23FD0691F06}.Debug|Any CPU.ActiveCfg = Debug|Any CPU
		{AEE8C198-D536-4A59-8ECD-A23FD0691F06}.Debug|Any CPU.Build.0 = Debug|Any CPU
		{AEE8C198-D536-4A59-8ECD-A23FD0691F06}.Release|Any CPU.ActiveCfg = Release|Any CPU
		{AEE8C198-D536-4A59-8ECD-A23FD0691F06}.Release|Any CPU.Build.0 = Release|Any CPU
		{92DF52A4-FFCC-422A-A11B-0C02376482E0}.Debug|Any CPU.ActiveCfg = Debug|Any CPU
		{92DF52A4-FFCC-422A-A11B-0C02376482E0}.Debug|Any CPU.Build.0 = Debug|Any CPU
		{92DF52A4-FFCC-422A-A11B-0C02376482E0}.Release|Any CPU.ActiveCfg = Release|Any CPU
		{92DF52A4-FFCC-422A-A11B-0C02376482E0}.Release|Any CPU.Build.0 = Release|Any CPU
		{D417E46F-7B91-46E2-8965-179107563E58}.Debug|Any CPU.ActiveCfg = Debug|Any CPU
		{D417E46F-7B91-46E2-8965-179107563E58}.Debug|Any CPU.Build.0 = Debug|Any CPU
		{D417E46F-7B91-46E2-8965-179107563E58}.Release|Any CPU.ActiveCfg = Release|Any CPU
		{D417E46F-7B91-46E2-8965-179107563E58}.Release|Any CPU.Build.0 = Release|Any CPU
		{E8C05D0C-3F58-4E7D-A413-198999BF62BF}.Debug|Any CPU.ActiveCfg = Debug|Any CPU
		{E8C05D0C-3F58-4E7D-A413-198999BF62BF}.Debug|Any CPU.Build.0 = Debug|Any CPU
		{E8C05D0C-3F58-4E7D-A413-198999BF62BF}.Release|Any CPU.ActiveCfg = Release|Any CPU
		{E8C05D0C-3F58-4E7D-A413-198999BF62BF}.Release|Any CPU.Build.0 = Release|Any CPU
	EndGlobalSection
	GlobalSection(SolutionProperties) = preSolution
		HideSolutionNode = FALSE
	EndGlobalSection
EndGlobal
