
Microsoft Visual Studio Solution File, Format Version 12.00
# Visual Studio 15
VisualStudioVersion = 15.0.26430.12
MinimumVisualStudioVersion = 10.0.40219.1
Project("{FAE04EC0-301F-11D3-BF4B-00C04F79EFBC}") = "ClasseAbstraite", "ClasseAbstraite\ClasseAbstraite.csproj", "{495E8D5A-6E7A-4691-808C-566B89809DED}"
EndProject
Project("{FAE04EC0-301F-11D3-BF4B-00C04F79EFBC}") = "ClasseAbstraiteTest2", "ClasseAbstraiteTest2\ClasseAbstraiteTest2.csproj", "{AEE8C198-D536-4A59-8ECD-A23FD0691F06}"
EndProject
Project("{FAE04EC0-301F-11D3-BF4B-00C04F79EFBC}") = "AbstractFactory", "AbstractFactory\AbstractFactory.csproj", "{92DF52A4-FFCC-422A-A11B-0C02376482E0}"
EndProject
Project("{FAE04EC0-301F-11D3-BF4B-00C04F79EFBC}") = "AbstractFactoryCarteMere", "AbstractFactoryCarteMere\AbstractFactoryCarteMere.csproj", "{D417E46F-7B91-46E2-8965-179107563E58}"
EndProject
Project("{FAE04EC0-301F-11D3-BF4B-00C04F79EFBC}") = "Singleton_Non_thread_safe", "Singleton_Non_thread_safe\Singleton_Non_thread_safe.csproj", "{2FC4D141-3EC8-4038-B4E7-F2B9B11C1634}"
EndProject
Project("{FAE04EC0-301F-11D3-BF4B-00C04F79EFBC}") = "Singleton_Simple_thread_safety", "Singleton_Simple_thread_safety\Singleton_Simple_thread_safety.csproj", "{D63F6A3C-BEB5-4B97-8551-1CA0C577EF63}"
EndProject
Project("{FAE04EC0-301F-11D3-BF4B-00C04F79EFBC}") = "NameSpaceExo1", "NameSpaceExo1\NameSpaceExo1.csproj", "{5244F43C-F496-4A6B-B21D-E6B6AC2ECDB8}"
EndProject
Global
	GlobalSection(SolutionConfigurationPlatforms) = preSolution
		Debug|Any CPU = Debug|Any CPU
		Release|Any CPU = Release|Any CPU
	EndGlobalSection
	GlobalSection(ProjectConfigurationPlatforms) = postSolution
		{495E8D5A-6E7A-4691-808C-566B89809DED}.Debug|Any CPU.ActiveCfg = Debug|Any CPU
		{495E8D5A-6E7A-4691-808C-566B89809DED}.Debug|Any CPU.Build.0 = Debug|Any CPU
		{495E8D5A-6E7A-4691-808C-566B89809DED}.Release|Any CPU.ActiveCfg = Release|Any CPU
		{495E8D5A-6E7A-4691-808C-566B89809DED}.Release|Any CPU.Build.0 = Release|Any CPU
		{AEE8C198-D536-4A59-8ECD-A23FD0691F06}.Debug|Any CPU.ActiveCfg = Debug|Any CPU
		{AEE8C198-D536-4A59-8ECD-A23FD0691F06}.Debug|Any CPU.Build.0 = Debug|Any CPU
		{AEE8C198-D536-4A59-8ECD-A23FD0691F06}.Release|Any CPU.ActiveCfg = Release|Any CPU
		{AEE8C198-D536-4A59-8ECD-A23FD0691F06}.Release|Any CPU.Build.0 = Release|Any CPU
		{92DF52A4-FFCC-422A-A11B-0C02376482E0}.Debug|Any CPU.ActiveCfg = Debug|Any CPU
		{92DF52A4-FFCC-422A-A11B-0C02376482E0}.Debug|Any CPU.Build.0 = Debug|Any CPU
		{92DF52A4-FFCC-422A-A11B-0C02376482E0}.Release|Any CPU.ActiveCfg = Release|Any CPU
		{92DF52A4-FFCC-422A-A11B-0C02376482E0}.Release|Any CPU.Build.0 = Release|Any CPU
		{D417E46F-7B91-46E2-8965-179107563E58}.Debug|Any CPU.ActiveCfg = Debug|Any CPU
		{D417E46F-7B91-46E2-8965-179107563E58}.Debug|Any CPU.Build.0 = Debug|Any CPU
		{D417E46F-7B91-46E2-8965-179107563E58}.Release|Any CPU.ActiveCfg = Release|Any CPU
		{D417E46F-7B91-46E2-8965-179107563E58}.Release|Any CPU.Build.0 = Release|Any CPU
		{2FC4D141-3EC8-4038-B4E7-F2B9B11C1634}.Debug|Any CPU.ActiveCfg = Debug|Any CPU
		{2FC4D141-3EC8-4038-B4E7-F2B9B11C1634}.Debug|Any CPU.Build.0 = Debug|Any CPU
		{2FC4D141-3EC8-4038-B4E7-F2B9B11C1634}.Release|Any CPU.ActiveCfg = Release|Any CPU
		{2FC4D141-3EC8-4038-B4E7-F2B9B11C1634}.Release|Any CPU.Build.0 = Release|Any CPU
		{D63F6A3C-BEB5-4B97-8551-1CA0C577EF63}.Debug|Any CPU.ActiveCfg = Debug|Any CPU
		{D63F6A3C-BEB5-4B97-8551-1CA0C577EF63}.Debug|Any CPU.Build.0 = Debug|Any CPU
		{D63F6A3C-BEB5-4B97-8551-1CA0C577EF63}.Release|Any CPU.ActiveCfg = Release|Any CPU
		{D63F6A3C-BEB5-4B97-8551-1CA0C577EF63}.Release|Any CPU.Build.0 = Release|Any CPU
		{5244F43C-F496-4A6B-B21D-E6B6AC2ECDB8}.Debug|Any CPU.ActiveCfg = Debug|Any CPU
		{5244F43C-F496-4A6B-B21D-E6B6AC2ECDB8}.Debug|Any CPU.Build.0 = Debug|Any CPU
		{5244F43C-F496-4A6B-B21D-E6B6AC2ECDB8}.Release|Any CPU.ActiveCfg = Release|Any CPU
		{5244F43C-F496-4A6B-B21D-E6B6AC2ECDB8}.Release|Any CPU.Build.0 = Release|Any CPU
	EndGlobalSection
	GlobalSection(SolutionProperties) = preSolution
		HideSolutionNode = FALSE
	EndGlobalSection
EndGlobal
